// !$*UTF8*$!
{
	archiveVersion = 1;
	classes = {
	};
	objectVersion = 90;
	objects = {

/* Begin PBXBuildFile section */
		D403EFEA303C856E00140095 /* WeightEntry.swift in Sources */ = {isa = PBXBuildFile; fileRef = D403EFE9303C856E00140095 /* WeightEntry.swift */; };
		D403EFEC303C877700140095 /* Food.swift in Sources */ = {isa = PBXBuildFile; fileRef = D403EFEB303C877700140095 /* Food.swift */; };
		D403EFEE303C877A00140095 /* MealItem.swift in Sources */ = {isa = PBXBuildFile; fileRef = D403EFED303C877A00140095 /* MealItem.swift */; };
		D403EFF2303C877F00140095 /* Goal.swift in Sources */ = {isa = PBXBuildFile; fileRef = D403EFF1303C877F00140095 /* Goal.swift */; };
		D403F002303C8C5E00140095 /* FoodLookupService.swift in Sources */ = {isa = PBXBuildFile; fileRef = D403F001303C8C5E00140095 /* FoodLookupService.swift */; };
		D403F004303C8C6900140095 /* BarcodeScannerView.swift in Sources */ = {isa = PBXBuildFile; fileRef = D403F003303C8C6900140095 /* BarcodeScannerView.swift */; };
		D403F00A303CD44300140095 /* Meal.swift in Sources */ = {isa = PBXBuildFile; fileRef = D403F009303CD44300140095 /* Meal.swift */; };
		D403F00C303CD44F00140095 /* AddMealView.swift in Sources */ = {isa = PBXBuildFile; fileRef = D403F00B303CD44F00140095 /* AddMealView.swift */; };
		D403F012303CDB6300140095 /* SampleData.swift in Sources */ = {isa = PBXBuildFile; fileRef = D403F011303CDB6300140095 /* SampleData.swift */; };
		D403F01E303E92F200140095 /* SavedMeal.swift in Sources */ = {isa = PBXBuildFile; fileRef = D403F01D303E92F200140095 /* SavedMeal.swift */; };
		D403F020303E92FA00140095 /* SavedMealItem.swift in Sources */ = {isa = PBXBuildFile; fileRef = D403F01F303E92FA00140095 /* SavedMealItem.swift */; };
		D403F022303E931100140095 /* PortionUnit.swift in Sources */ = {isa = PBXBuildFile; fileRef = D403F021303E931100140095 /* PortionUnit.swift */; };
		D403F024303E931A00140095 /* AddMealItemView.swift in Sources */ = {isa = PBXBuildFile; fileRef = D403F023303E931A00140095 /* AddMealItemView.swift */; };
		D403F026303E932300140095 /* ScanFoodView.swift in Sources */ = {isa = PBXBuildFile; fileRef = D403F025303E932300140095 /* ScanFoodView.swift */; };
		D403F028303E934100140095 /* FoodEntryForm.swift in Sources */ = {isa = PBXBuildFile; fileRef = D403F027303E934100140095 /* FoodEntryForm.swift */; };
		D403F02A303E93AE00140095 /* MealMainView.swift in Sources */ = {isa = PBXBuildFile; fileRef = D403F029303E93AE00140095 /* MealMainView.swift */; };
		D403F02C303E93C000140095 /* MealDisclosureView.swift in Sources */ = {isa = PBXBuildFile; fileRef = D403F02B303E93C000140095 /* MealDisclosureView.swift */; };
		D403F02E303E93C400140095 /* MealEntry.swift in Sources */ = {isa = PBXBuildFile; fileRef = D403F02D303E93C400140095 /* MealEntry.swift */; };
		D403F030303E93D400140095 /* MacroSummaryView.swift in Sources */ = {isa = PBXBuildFile; fileRef = D403F02F303E93D400140095 /* MacroSummaryView.swift */; };
		D403F032303E93D600140095 /* MealItemRow.swift in Sources */ = {isa = PBXBuildFile; fileRef = D403F031303E93D600140095 /* MealItemRow.swift */; };
		D403F034303E93E700140095 /* MealItemDetailView.swift in Sources */ = {isa = PBXBuildFile; fileRef = D403F033303E93E700140095 /* MealItemDetailView.swift */; };
		D403F036303E93F000140095 /* MealBundleDetailView.swift in Sources */ = {isa = PBXBuildFile; fileRef = D403F035303E93F000140095 /* MealBundleDetailView.swift */; };
		D403F038303E93FB00140095 /* MealHistoryView.swift in Sources */ = {isa = PBXBuildFile; fileRef = D403F037303E93FB00140095 /* MealHistoryView.swift */; };
		D403F03A303E940100140095 /* SaveMealSheet.swift in Sources */ = {isa = PBXBuildFile; fileRef = D403F039303E940100140095 /* SaveMealSheet.swift */; };
		D403F03C303E944E00140095 /* WeightView.swift in Sources */ = {isa = PBXBuildFile; fileRef = D403F03B303E944E00140095 /* WeightView.swift */; };
		D403F03E303E945200140095 /* WeightChartView.swift in Sources */ = {isa = PBXBuildFile; fileRef = D403F03D303E945200140095 /* WeightChartView.swift */; };
		D403F040303E945500140095 /* WeightChangeSummaryView.swift in Sources */ = {isa = PBXBuildFile; fileRef = D403F03F303E945500140095 /* WeightChangeSummaryView.swift */; };
		D403F042303E945B00140095 /* WeightRowLabel.swift in Sources */ = {isa = PBXBuildFile; fileRef = D403F041303E945B00140095 /* WeightRowLabel.swift */; };
		D403F044303E946000140095 /* WeightHistoryView.swift in Sources */ = {isa = PBXBuildFile; fileRef = D403F043303E946000140095 /* WeightHistoryView.swift */; };
		D403F046303E946700140095 /* WeightEntryEditor.swift in Sources */ = {isa = PBXBuildFile; fileRef = D403F045303E946700140095 /* WeightEntryEditor.swift */; };
		D403F048303E948200140095 /* GoalListView.swift in Sources */ = {isa = PBXBuildFile; fileRef = D403F047303E948200140095 /* GoalListView.swift */; };
		D403F04A303E948D00140095 /* GoalEditor.swift in Sources */ = {isa = PBXBuildFile; fileRef = D403F049303E948D00140095 /* GoalEditor.swift */; };
		D403F04C303E949D00140095 /* SavedMealsPickerView.swift in Sources */ = {isa = PBXBuildFile; fileRef = D403F04B303E949D00140095 /* SavedMealsPickerView.swift */; };
		D403F04E303E94A000140095 /* SavedMealItemRow.swift in Sources */ = {isa = PBXBuildFile; fileRef = D403F04D303E94A000140095 /* SavedMealItemRow.swift */; };
		D403F050303E94A300140095 /* SavedMealDetailView.swift in Sources */ = {isa = PBXBuildFile; fileRef = D403F04F303E94A300140095 /* SavedMealDetailView.swift */; };
		D403F052303E94AB00140095 /* SavedMealsManagerView.swift in Sources */ = {isa = PBXBuildFile; fileRef = D403F051303E94AB00140095 /* SavedMealsManagerView.swift */; };
		D403F054303E94B400140095 /* SavedMealEditorView.swift in Sources */ = {isa = PBXBuildFile; fileRef = D403F053303E94B400140095 /* SavedMealEditorView.swift */; };
		D403F056303E94BF00140095 /* SavedMealItemEditorView.swift in Sources */ = {isa = PBXBuildFile; fileRef = D403F055303E94BF00140095 /* SavedMealItemEditorView.swift */; };
		D403F058303E94D900140095 /* SettingsView.swift in Sources */ = {isa = PBXBuildFile; fileRef = D403F057303E94D900140095 /* SettingsView.swift */; };
		D403F05A303E94DE00140095 /* AccentColorPicker.swift in Sources */ = {isa = PBXBuildFile; fileRef = D403F059303E94DE00140095 /* AccentColorPicker.swift */; };
		D403F05C303E94EF00140095 /* Theme.swift in Sources */ = {isa = PBXBuildFile; fileRef = D403F05B303E94EF00140095 /* Theme.swift */; };
		D403F05E303E94F600140095 /* NavigationBarAccent.swift in Sources */ = {isa = PBXBuildFile; fileRef = D403F05D303E94F600140095 /* NavigationBarAccent.swift */; };
		D403F060303E94F800140095 /* EmptyStateView.swift in Sources */ = {isa = PBXBuildFile; fileRef = D403F05F303E94F800140095 /* EmptyStateView.swift */; };
		D403F066303E95D100140095 /* DietBuddyApp.swift in Sources */ = {isa = PBXBuildFile; fileRef = D403F065303E95D100140095 /* DietBuddyApp.swift */; };
		D403F068303E95D700140095 /* RootTabView.swift in Sources */ = {isa = PBXBuildFile; fileRef = D403F067303E95D700140095 /* RootTabView.swift */; };
		D404DFCB304E51700011F5A3 /* HealthKitService.swift in Sources */ = {isa = PBXBuildFile; fileRef = D404DFCA304E51700011F5A3 /* HealthKitService.swift */; };
		D4DB75F4303F1AD90050C594 /* ManualBarcodeEntryView.swift in Sources */ = {isa = PBXBuildFile; fileRef = D4DB75F3303F1AD90050C594 /* ManualBarcodeEntryView.swift */; };
		D4DB75F6303F615F0050C594 /* ReminderScheduler.swift in Sources */ = {isa = PBXBuildFile; fileRef = D4DB75F5303F615F0050C594 /* ReminderScheduler.swift */; };
		D4DB75FE303FB6430050C594 /* WidgetKit.framework in Frameworks */ = {isa = PBXBuildFile; fileRef = D4DB75FD303FB6430050C594 /* WidgetKit.framework */; };
		D4DB7600303FB6430050C594 /* SwiftUI.framework in Frameworks */ = {isa = PBXBuildFile; fileRef = D4DB75FF303FB6430050C594 /* SwiftUI.framework */; };
		D4DB7611303FB6440050C594 /* DietBuddyWidgetExtension.appex in Embed Foundation Extensions */ = {isa = PBXBuildFile; fileRef = D4DB75FB303FB6430050C594 /* DietBuddyWidgetExtension.appex */; settings = {ATTRIBUTES = (RemoveHeadersOnCopy, ); }; };
		D4DB761A303FB7900050C594 /* DaySnapshot.swift in Sources */ = {isa = PBXBuildFile; fileRef = D4DB7619303FB7900050C594 /* DaySnapshot.swift */; };
		D4DB761E3040CE680050C594 /* Gender.swift in Sources */ = {isa = PBXBuildFile; fileRef = D4DB761D3040CE680050C594 /* Gender.swift */; };
		D4DB76203040CE6C0050C594 /* UserProfile.swift in Sources */ = {isa = PBXBuildFile; fileRef = D4DB761F3040CE6C0050C594 /* UserProfile.swift */; };
		D4DB76223040CE6F0050C594 /* BMICalculator.swift in Sources */ = {isa = PBXBuildFile; fileRef = D4DB76213040CE6F0050C594 /* BMICalculator.swift */; };
		D4DB76243040CF0D0050C594 /* HeightField.swift in Sources */ = {isa = PBXBuildFile; fileRef = D4DB76233040CF0D0050C594 /* HeightField.swift */; };
		D4DB76263040CF140050C594 /* ProfileEditorView.swift in Sources */ = {isa = PBXBuildFile; fileRef = D4DB76253040CF140050C594 /* ProfileEditorView.swift */; };
		D4DB76283040CF810050C594 /* OnboardingView.swift in Sources */ = {isa = PBXBuildFile; fileRef = D4DB76273040CF810050C594 /* OnboardingView.swift */; };
		D4DB76EF3041F7140050C594 /* PrimaryActionButtonStyle.swift in Sources */ = {isa = PBXBuildFile; fileRef = D4DB76EE3041F7140050C594 /* PrimaryActionButtonStyle.swift */; };
		D4DB76F13042151D0050C594 /* BMIInfoView.swift in Sources */ = {isa = PBXBuildFile; fileRef = D4DB76F03042151D0050C594 /* BMIInfoView.swift */; };
		D4DB76F3304218420050C594 /* MealSummaryDisclosure.swift in Sources */ = {isa = PBXBuildFile; fileRef = D4DB76F2304218420050C594 /* MealSummaryDisclosure.swift */; };
		D4DB76F5304218510050C594 /* DayFoodView.swift in Sources */ = {isa = PBXBuildFile; fileRef = D4DB76F4304218510050C594 /* DayFoodView.swift */; };
		D4DB76F7304218640050C594 /* HistoryCalendarView.swift in Sources */ = {isa = PBXBuildFile; fileRef = D4DB76F6304218640050C594 /* HistoryCalendarView.swift */; };
		D4DB76F9304219680050C594 /* ShakeEffect.swift in Sources */ = {isa = PBXBuildFile; fileRef = D4DB76F8304219680050C594 /* ShakeEffect.swift */; };
		D4DB770630422EEA0050C594 /* LabeledDecimalField.swift in Sources */ = {isa = PBXBuildFile; fileRef = D4DB770530422EEA0050C594 /* LabeledDecimalField.swift */; };
		D4DB770830422EEB0050C594 /* MacroValueRow.swift in Sources */ = {isa = PBXBuildFile; fileRef = D4DB770730422EEB0050C594 /* MacroValueRow.swift */; };
		D4DB7725304260540050C594 /* FoodIndexView.swift in Sources */ = {isa = PBXBuildFile; fileRef = D4DB7724304260540050C594 /* FoodIndexView.swift */; };
		D4DB773630434A230050C594 /* FoodLibraryRow.swift in Sources */ = {isa = PBXBuildFile; fileRef = D4DB773530434A230050C594 /* FoodLibraryRow.swift */; };
		D4DB773830434A350050C594 /* FoodLibraryListView.swift in Sources */ = {isa = PBXBuildFile; fileRef = D4DB773730434A350050C594 /* FoodLibraryListView.swift */; };
		D4DB7776304354960050C594 /* MacroSplit.swift in Sources */ = {isa = PBXBuildFile; fileRef = D4DB7775304354960050C594 /* MacroSplit.swift */; };
		D4DB777830439AFE0050C594 /* GoalDetailView.swift in Sources */ = {isa = PBXBuildFile; fileRef = D4DB777730439AFE0050C594 /* GoalDetailView.swift */; };
/* End PBXBuildFile section */

/* Begin PBXContainerItemProxy section */
		D4DB760F303FB6440050C594 /* PBXContainerItemProxy */ = {
			isa = PBXContainerItemProxy;
			containerPortal = 000000000000000000000000 /* Project object */;
			proxyType = 1;
			remoteGlobalIDString = D4DB75FA303FB6430050C594;
			remoteInfo = DietBuddyWidgetExtension;
		};
/* End PBXContainerItemProxy section */

/* Begin PBXCopyFilesBuildPhase section */
		D4DB7616303FB6440050C594 /* Embed Foundation Extensions */ = {
			isa = PBXCopyFilesBuildPhase;
			dstPath = "";
			dstSubfolder = PlugIns;
			files = (
				D4DB7611303FB6440050C594 /* DietBuddyWidgetExtension.appex in Embed Foundation Extensions */,
			);
			name = "Embed Foundation Extensions";
		};
/* End PBXCopyFilesBuildPhase section */

/* Begin PBXFileReference section */
		000000000000000000000120 /* DietBuddy.app */ = {isa = PBXFileReference; explicitFileType = wrapper.application; includeInIndex = 0; path = DietBuddy.app; sourceTree = BUILT_PRODUCTS_DIR; };
		D403EFE9303C856E00140095 /* WeightEntry.swift */ = {isa = PBXFileReference; lastKnownFileType = sourcecode.swift; path = WeightEntry.swift; sourceTree = "<group>"; };
		D403EFEB303C877700140095 /* Food.swift */ = {isa = PBXFileReference; lastKnownFileType = sourcecode.swift; path = Food.swift; sourceTree = "<group>"; };
		D403EFED303C877A00140095 /* MealItem.swift */ = {isa = PBXFileReference; lastKnownFileType = sourcecode.swift; path = MealItem.swift; sourceTree = "<group>"; };
		D403EFF1303C877F00140095 /* Goal.swift */ = {isa = PBXFileReference; lastKnownFileType = sourcecode.swift; path = Goal.swift; sourceTree = "<group>"; };
		D403F001303C8C5E00140095 /* FoodLookupService.swift */ = {isa = PBXFileReference; lastKnownFileType = sourcecode.swift; path = FoodLookupService.swift; sourceTree = "<group>"; };
		D403F003303C8C6900140095 /* BarcodeScannerView.swift */ = {isa = PBXFileReference; lastKnownFileType = sourcecode.swift; path = BarcodeScannerView.swift; sourceTree = "<group>"; };
		D403F009303CD44300140095 /* Meal.swift */ = {isa = PBXFileReference; lastKnownFileType = sourcecode.swift; path = Meal.swift; sourceTree = "<group>"; };
		D403F00B303CD44F00140095 /* AddMealView.swift */ = {isa = PBXFileReference; lastKnownFileType = sourcecode.swift; path = AddMealView.swift; sourceTree = "<group>"; };
		D403F011303CDB6300140095 /* SampleData.swift */ = {isa = PBXFileReference; lastKnownFileType = sourcecode.swift; path = SampleData.swift; sourceTree = "<group>"; };
		D403F01D303E92F200140095 /* SavedMeal.swift */ = {isa = PBXFileReference; lastKnownFileType = sourcecode.swift; path = SavedMeal.swift; sourceTree = "<group>"; };
		D403F01F303E92FA00140095 /* SavedMealItem.swift */ = {isa = PBXFileReference; lastKnownFileType = sourcecode.swift; path = SavedMealItem.swift; sourceTree = "<group>"; };
		D403F021303E931100140095 /* PortionUnit.swift */ = {isa = PBXFileReference; lastKnownFileType = sourcecode.swift; path = PortionUnit.swift; sourceTree = "<group>"; };
		D403F023303E931A00140095 /* AddMealItemView.swift */ = {isa = PBXFileReference; lastKnownFileType = sourcecode.swift; path = AddMealItemView.swift; sourceTree = "<group>"; };
		D403F025303E932300140095 /* ScanFoodView.swift */ = {isa = PBXFileReference; lastKnownFileType = sourcecode.swift; path = ScanFoodView.swift; sourceTree = "<group>"; };
		D403F027303E934100140095 /* FoodEntryForm.swift */ = {isa = PBXFileReference; lastKnownFileType = sourcecode.swift; path = FoodEntryForm.swift; sourceTree = "<group>"; };
		D403F029303E93AE00140095 /* MealMainView.swift */ = {isa = PBXFileReference; lastKnownFileType = sourcecode.swift; path = MealMainView.swift; sourceTree = "<group>"; };
		D403F02B303E93C000140095 /* MealDisclosureView.swift */ = {isa = PBXFileReference; lastKnownFileType = sourcecode.swift; path = MealDisclosureView.swift; sourceTree = "<group>"; };
		D403F02D303E93C400140095 /* MealEntry.swift */ = {isa = PBXFileReference; lastKnownFileType = sourcecode.swift; path = MealEntry.swift; sourceTree = "<group>"; };
		D403F02F303E93D400140095 /* MacroSummaryView.swift */ = {isa = PBXFileReference; lastKnownFileType = sourcecode.swift; path = MacroSummaryView.swift; sourceTree = "<group>"; };
		D403F031303E93D600140095 /* MealItemRow.swift */ = {isa = PBXFileReference; lastKnownFileType = sourcecode.swift; path = MealItemRow.swift; sourceTree = "<group>"; };
		D403F033303E93E700140095 /* MealItemDetailView.swift */ = {isa = PBXFileReference; lastKnownFileType = sourcecode.swift; path = MealItemDetailView.swift; sourceTree = "<group>"; };
		D403F035303E93F000140095 /* MealBundleDetailView.swift */ = {isa = PBXFileReference; lastKnownFileType = sourcecode.swift; path = MealBundleDetailView.swift; sourceTree = "<group>"; };
		D403F037303E93FB00140095 /* MealHistoryView.swift */ = {isa = PBXFileReference; lastKnownFileType = sourcecode.swift; path = MealHistoryView.swift; sourceTree = "<group>"; };
		D403F039303E940100140095 /* SaveMealSheet.swift */ = {isa = PBXFileReference; lastKnownFileType = sourcecode.swift; path = SaveMealSheet.swift; sourceTree = "<group>"; };
		D403F03B303E944E00140095 /* WeightView.swift */ = {isa = PBXFileReference; lastKnownFileType = sourcecode.swift; path = WeightView.swift; sourceTree = "<group>"; };
		D403F03D303E945200140095 /* WeightChartView.swift */ = {isa = PBXFileReference; lastKnownFileType = sourcecode.swift; path = WeightChartView.swift; sourceTree = "<group>"; };
		D403F03F303E945500140095 /* WeightChangeSummaryView.swift */ = {isa = PBXFileReference; lastKnownFileType = sourcecode.swift; path = WeightChangeSummaryView.swift; sourceTree = "<group>"; };
		D403F041303E945B00140095 /* WeightRowLabel.swift */ = {isa = PBXFileReference; lastKnownFileType = sourcecode.swift; path = WeightRowLabel.swift; sourceTree = "<group>"; };
		D403F043303E946000140095 /* WeightHistoryView.swift */ = {isa = PBXFileReference; lastKnownFileType = sourcecode.swift; path = WeightHistoryView.swift; sourceTree = "<group>"; };
		D403F045303E946700140095 /* WeightEntryEditor.swift */ = {isa = PBXFileReference; lastKnownFileType = sourcecode.swift; path = WeightEntryEditor.swift; sourceTree = "<group>"; };
		D403F047303E948200140095 /* GoalListView.swift */ = {isa = PBXFileReference; lastKnownFileType = sourcecode.swift; path = GoalListView.swift; sourceTree = "<group>"; };
		D403F049303E948D00140095 /* GoalEditor.swift */ = {isa = PBXFileReference; lastKnownFileType = sourcecode.swift; path = GoalEditor.swift; sourceTree = "<group>"; };
		D403F04B303E949D00140095 /* SavedMealsPickerView.swift */ = {isa = PBXFileReference; lastKnownFileType = sourcecode.swift; path = SavedMealsPickerView.swift; sourceTree = "<group>"; };
		D403F04D303E94A000140095 /* SavedMealItemRow.swift */ = {isa = PBXFileReference; lastKnownFileType = sourcecode.swift; path = SavedMealItemRow.swift; sourceTree = "<group>"; };
		D403F04F303E94A300140095 /* SavedMealDetailView.swift */ = {isa = PBXFileReference; lastKnownFileType = sourcecode.swift; path = SavedMealDetailView.swift; sourceTree = "<group>"; };
		D403F051303E94AB00140095 /* SavedMealsManagerView.swift */ = {isa = PBXFileReference; lastKnownFileType = sourcecode.swift; path = SavedMealsManagerView.swift; sourceTree = "<group>"; };
		D403F053303E94B400140095 /* SavedMealEditorView.swift */ = {isa = PBXFileReference; lastKnownFileType = sourcecode.swift; path = SavedMealEditorView.swift; sourceTree = "<group>"; };
		D403F055303E94BF00140095 /* SavedMealItemEditorView.swift */ = {isa = PBXFileReference; lastKnownFileType = sourcecode.swift; path = SavedMealItemEditorView.swift; sourceTree = "<group>"; };
		D403F057303E94D900140095 /* SettingsView.swift */ = {isa = PBXFileReference; lastKnownFileType = sourcecode.swift; path = SettingsView.swift; sourceTree = "<group>"; };
		D403F059303E94DE00140095 /* AccentColorPicker.swift */ = {isa = PBXFileReference; lastKnownFileType = sourcecode.swift; path = AccentColorPicker.swift; sourceTree = "<group>"; };
		D403F05B303E94EF00140095 /* Theme.swift */ = {isa = PBXFileReference; lastKnownFileType = sourcecode.swift; path = Theme.swift; sourceTree = "<group>"; };
		D403F05D303E94F600140095 /* NavigationBarAccent.swift */ = {isa = PBXFileReference; lastKnownFileType = sourcecode.swift; path = NavigationBarAccent.swift; sourceTree = "<group>"; };
		D403F05F303E94F800140095 /* EmptyStateView.swift */ = {isa = PBXFileReference; lastKnownFileType = sourcecode.swift; path = EmptyStateView.swift; sourceTree = "<group>"; };
		D403F065303E95D100140095 /* DietBuddyApp.swift */ = {isa = PBXFileReference; lastKnownFileType = sourcecode.swift; path = DietBuddyApp.swift; sourceTree = "<group>"; };
		D403F067303E95D700140095 /* RootTabView.swift */ = {isa = PBXFileReference; lastKnownFileType = sourcecode.swift; path = RootTabView.swift; sourceTree = "<group>"; };
		D404DFCA304E51700011F5A3 /* HealthKitService.swift */ = {isa = PBXFileReference; lastKnownFileType = sourcecode.swift; path = HealthKitService.swift; sourceTree = "<group>"; };
		D4DB75F3303F1AD90050C594 /* ManualBarcodeEntryView.swift */ = {isa = PBXFileReference; lastKnownFileType = sourcecode.swift; path = ManualBarcodeEntryView.swift; sourceTree = "<group>"; };
		D4DB75F5303F615F0050C594 /* ReminderScheduler.swift */ = {isa = PBXFileReference; lastKnownFileType = sourcecode.swift; path = ReminderScheduler.swift; sourceTree = "<group>"; };
		D4DB75FB303FB6430050C594 /* DietBuddyWidgetExtension.appex */ = {isa = PBXFileReference; explicitFileType = "wrapper.app-extension"; includeInIndex = 0; path = DietBuddyWidgetExtension.appex; sourceTree = BUILT_PRODUCTS_DIR; };
		D4DB75FD303FB6430050C594 /* WidgetKit.framework */ = {isa = PBXFileReference; lastKnownFileType = wrapper.framework; name = WidgetKit.framework; path = System/Library/Frameworks/WidgetKit.framework; sourceTree = SDKROOT; };
		D4DB75FF303FB6430050C594 /* SwiftUI.framework */ = {isa = PBXFileReference; lastKnownFileType = wrapper.framework; name = SwiftUI.framework; path = System/Library/Frameworks/SwiftUI.framework; sourceTree = SDKROOT; };
		D4DB7618303FB6990050C594 /* DietBuddyWidgetExtension.entitlements */ = {isa = PBXFileReference; lastKnownFileType = text.plist.entitlements; path = DietBuddyWidgetExtension.entitlements; sourceTree = "<group>"; };
		D4DB7619303FB7900050C594 /* DaySnapshot.swift */ = {isa = PBXFileReference; lastKnownFileType = sourcecode.swift; path = DaySnapshot.swift; sourceTree = "<group>"; };
		D4DB761D3040CE680050C594 /* Gender.swift */ = {isa = PBXFileReference; lastKnownFileType = sourcecode.swift; path = Gender.swift; sourceTree = "<group>"; };
		D4DB761F3040CE6C0050C594 /* UserProfile.swift */ = {isa = PBXFileReference; lastKnownFileType = sourcecode.swift; path = UserProfile.swift; sourceTree = "<group>"; };
		D4DB76213040CE6F0050C594 /* BMICalculator.swift */ = {isa = PBXFileReference; lastKnownFileType = sourcecode.swift; path = BMICalculator.swift; sourceTree = "<group>"; };
		D4DB76233040CF0D0050C594 /* HeightField.swift */ = {isa = PBXFileReference; lastKnownFileType = sourcecode.swift; path = HeightField.swift; sourceTree = "<group>"; };
		D4DB76253040CF140050C594 /* ProfileEditorView.swift */ = {isa = PBXFileReference; lastKnownFileType = sourcecode.swift; path = ProfileEditorView.swift; sourceTree = "<group>"; };
		D4DB76273040CF810050C594 /* OnboardingView.swift */ = {isa = PBXFileReference; lastKnownFileType = sourcecode.swift; path = OnboardingView.swift; sourceTree = "<group>"; };
		D4DB76EE3041F7140050C594 /* PrimaryActionButtonStyle.swift */ = {isa = PBXFileReference; lastKnownFileType = sourcecode.swift; path = PrimaryActionButtonStyle.swift; sourceTree = "<group>"; };
		D4DB76F03042151D0050C594 /* BMIInfoView.swift */ = {isa = PBXFileReference; lastKnownFileType = sourcecode.swift; path = BMIInfoView.swift; sourceTree = "<group>"; };
		D4DB76F2304218420050C594 /* MealSummaryDisclosure.swift */ = {isa = PBXFileReference; lastKnownFileType = sourcecode.swift; path = MealSummaryDisclosure.swift; sourceTree = "<group>"; };
		D4DB76F4304218510050C594 /* DayFoodView.swift */ = {isa = PBXFileReference; lastKnownFileType = sourcecode.swift; path = DayFoodView.swift; sourceTree = "<group>"; };
		D4DB76F6304218640050C594 /* HistoryCalendarView.swift */ = {isa = PBXFileReference; lastKnownFileType = sourcecode.swift; path = HistoryCalendarView.swift; sourceTree = "<group>"; };
		D4DB76F8304219680050C594 /* ShakeEffect.swift */ = {isa = PBXFileReference; lastKnownFileType = sourcecode.swift; path = ShakeEffect.swift; sourceTree = "<group>"; };
		D4DB770530422EEA0050C594 /* LabeledDecimalField.swift */ = {isa = PBXFileReference; lastKnownFileType = sourcecode.swift; path = LabeledDecimalField.swift; sourceTree = "<group>"; };
		D4DB770730422EEB0050C594 /* MacroValueRow.swift */ = {isa = PBXFileReference; lastKnownFileType = sourcecode.swift; path = MacroValueRow.swift; sourceTree = "<group>"; };
		D4DB7724304260540050C594 /* FoodIndexView.swift */ = {isa = PBXFileReference; lastKnownFileType = sourcecode.swift; path = FoodIndexView.swift; sourceTree = "<group>"; };
		D4DB773530434A230050C594 /* FoodLibraryRow.swift */ = {isa = PBXFileReference; lastKnownFileType = sourcecode.swift; path = FoodLibraryRow.swift; sourceTree = "<group>"; };
		D4DB773730434A350050C594 /* FoodLibraryListView.swift */ = {isa = PBXFileReference; lastKnownFileType = sourcecode.swift; path = FoodLibraryListView.swift; sourceTree = "<group>"; };
		D4DB7775304354960050C594 /* MacroSplit.swift */ = {isa = PBXFileReference; lastKnownFileType = sourcecode.swift; path = MacroSplit.swift; sourceTree = "<group>"; };
		D4DB777730439AFE0050C594 /* GoalDetailView.swift */ = {isa = PBXFileReference; lastKnownFileType = sourcecode.swift; path = GoalDetailView.swift; sourceTree = "<group>"; };
/* End PBXFileReference section */

/* Begin PBXFileSystemSynchronizedBuildFileExceptionSet section */
		D4DB7612303FB6440050C594 /* Exceptions for "DietBuddyWidget" folder in "DietBuddyWidgetExtension" target */ = {
			isa = PBXFileSystemSynchronizedBuildFileExceptionSet;
			membershipExceptions = (
				Info.plist,
			);
			target = D4DB75FA303FB6430050C594 /* DietBuddyWidgetExtension */;
		};
/* End PBXFileSystemSynchronizedBuildFileExceptionSet section */

/* Begin PBXFileSystemSynchronizedRootGroup section */
		000000000000000000000010 /* DietBuddy */ = {
			isa = PBXFileSystemSynchronizedRootGroup;
			path = DietBuddy;
			sourceTree = "<group>";
		};
		D4DB7601303FB6430050C594 /* DietBuddyWidget */ = {
			isa = PBXFileSystemSynchronizedRootGroup;
			exceptions = (
				D4DB7612303FB6440050C594 /* Exceptions for "DietBuddyWidget" folder in "DietBuddyWidgetExtension" target */,
			);
			path = DietBuddyWidget;
			sourceTree = "<group>";
		};
/* End PBXFileSystemSynchronizedRootGroup section */

/* Begin PBXFrameworksBuildPhase section */
		000000000000000130000000 /* Frameworks */ = {
			isa = PBXFrameworksBuildPhase;
			files = (
			);
		};
		D4DB75F8303FB6430050C594 /* Frameworks */ = {
			isa = PBXFrameworksBuildPhase;
			files = (
				D4DB7600303FB6430050C594 /* SwiftUI.framework in Frameworks */,
				D4DB75FE303FB6430050C594 /* WidgetKit.framework in Frameworks */,
			);
		};
/* End PBXFrameworksBuildPhase section */

/* Begin PBXGroup section */
		000000000000000000000001 = {
			isa = PBXGroup;
			children = (
				D4DB7618303FB6990050C594 /* DietBuddyWidgetExtension.entitlements */,
				000000000000000000000010 /* DietBuddy */,
				D4DB7601303FB6430050C594 /* DietBuddyWidget */,
				D4DB75FC303FB6430050C594 /* Frameworks */,
				000000000000000000000020 /* Products */,
				D403F013303E92B700140095 /* Models */,
				D403F014303E92CA00140095 /* App */,
				D403F015303E92CB00140095 /* Support */,
				D403F016303E92CC00140095 /* Services */,
				D403F017303E92D200140095 /* Views */,
			);
			sourceTree = "<group>";
		};
		000000000000000000000020 /* Products */ = {
			isa = PBXGroup;
			children = (
				000000000000000000000120 /* DietBuddy.app */,
				D4DB75FB303FB6430050C594 /* DietBuddyWidgetExtension.appex */,
			);
			name = Products;
			sourceTree = "<group>";
		};
		D403F013303E92B700140095 /* Models */ = {
			isa = PBXGroup;
			children = (
				D403EFEB303C877700140095 /* Food.swift */,
				D403EFE9303C856E00140095 /* WeightEntry.swift */,
				D403EFED303C877A00140095 /* MealItem.swift */,
				D403F009303CD44300140095 /* Meal.swift */,
				D403EFF1303C877F00140095 /* Goal.swift */,
				D403F01D303E92F200140095 /* SavedMeal.swift */,
				D403F01F303E92FA00140095 /* SavedMealItem.swift */,
				D403F021303E931100140095 /* PortionUnit.swift */,
				D4DB761D3040CE680050C594 /* Gender.swift */,
				D4DB761F3040CE6C0050C594 /* UserProfile.swift */,
			);
			path = Models;
			sourceTree = "<group>";
		};
		D403F014303E92CA00140095 /* App */ = {
			isa = PBXGroup;
			children = (
				D403F065303E95D100140095 /* DietBuddyApp.swift */,
				D403F067303E95D700140095 /* RootTabView.swift */,
				D4DB76273040CF810050C594 /* OnboardingView.swift */,
			);
			path = App;
			sourceTree = "<group>";
		};
		D403F015303E92CB00140095 /* Support */ = {
			isa = PBXGroup;
			children = (
				D403F011303CDB6300140095 /* SampleData.swift */,
				D403F05B303E94EF00140095 /* Theme.swift */,
				D403F05D303E94F600140095 /* NavigationBarAccent.swift */,
				D4DB7619303FB7900050C594 /* DaySnapshot.swift */,
				D4DB76213040CE6F0050C594 /* BMICalculator.swift */,
				D4DB7775304354960050C594 /* MacroSplit.swift */,
			);
			path = Support;
			sourceTree = "<group>";
		};
		D403F016303E92CC00140095 /* Services */ = {
			isa = PBXGroup;
			children = (
				D403F001303C8C5E00140095 /* FoodLookupService.swift */,
				D4DB75F5303F615F0050C594 /* ReminderScheduler.swift */,
				D404DFCA304E51700011F5A3 /* HealthKitService.swift */,
			);
			path = Services;
			sourceTree = "<group>";
		};
		D403F017303E92D200140095 /* Views */ = {
			isa = PBXGroup;
			children = (
				D403F018303E92D500140095 /* Weight */,
				D403F019303E92D600140095 /* Food */,
				D403F01A303E92D600140095 /* Goals */,
				D403F01B303E92D600140095 /* SavedMeals */,
				D403F01C303E92D700140095 /* Settings */,
				D4DB7709304244D90050C594 /* Components */,
			);
			path = Views;
			sourceTree = "<group>";
		};
		D403F018303E92D500140095 /* Weight */ = {
			isa = PBXGroup;
			children = (
				D403F03B303E944E00140095 /* WeightView.swift */,
				D403F03D303E945200140095 /* WeightChartView.swift */,
				D403F03F303E945500140095 /* WeightChangeSummaryView.swift */,
				D403F041303E945B00140095 /* WeightRowLabel.swift */,
				D403F043303E946000140095 /* WeightHistoryView.swift */,
				D403F045303E946700140095 /* WeightEntryEditor.swift */,
				D4DB76F03042151D0050C594 /* BMIInfoView.swift */,
			);
			path = Weight;
			sourceTree = "<group>";
		};
		D403F019303E92D600140095 /* Food */ = {
			isa = PBXGroup;
			children = (
				D403F02D303E93C400140095 /* MealEntry.swift */,
				D403F02F303E93D400140095 /* MacroSummaryView.swift */,
				D403F031303E93D600140095 /* MealItemRow.swift */,
				D4DB770A304244D90050C594 /* Today */,
				D4DB770B304244DA0050C594 /* Entry */,
				D4DB770C304244DA0050C594 /* History */,
				D4DB770D304244DB0050C594 /* Detail */,
				D4DB773530434A230050C594 /* FoodLibraryRow.swift */,
			);
			path = Food;
			sourceTree = "<group>";
		};
		D403F01A303E92D600140095 /* Goals */ = {
			isa = PBXGroup;
			children = (
				D403F047303E948200140095 /* GoalListView.swift */,
				D403F049303E948D00140095 /* GoalEditor.swift */,
				D4DB777730439AFE0050C594 /* GoalDetailView.swift */,
			);
			path = Goals;
			sourceTree = "<group>";
		};
		D403F01B303E92D600140095 /* SavedMeals */ = {
			isa = PBXGroup;
			children = (
				D403F04B303E949D00140095 /* SavedMealsPickerView.swift */,
				D403F04D303E94A000140095 /* SavedMealItemRow.swift */,
				D403F04F303E94A300140095 /* SavedMealDetailView.swift */,
				D403F051303E94AB00140095 /* SavedMealsManagerView.swift */,
				D403F053303E94B400140095 /* SavedMealEditorView.swift */,
				D403F055303E94BF00140095 /* SavedMealItemEditorView.swift */,
			);
			path = SavedMeals;
			sourceTree = "<group>";
		};
		D403F01C303E92D700140095 /* Settings */ = {
			isa = PBXGroup;
			children = (
				D403F057303E94D900140095 /* SettingsView.swift */,
				D4DB76253040CF140050C594 /* ProfileEditorView.swift */,
			);
			path = Settings;
			sourceTree = "<group>";
		};
		D4DB75FC303FB6430050C594 /* Frameworks */ = {
			isa = PBXGroup;
			children = (
				D4DB75FD303FB6430050C594 /* WidgetKit.framework */,
				D4DB75FF303FB6430050C594 /* SwiftUI.framework */,
			);
			name = Frameworks;
			sourceTree = "<group>";
		};
		D4DB7709304244D90050C594 /* Components */ = {
			isa = PBXGroup;
			children = (
				D403F05F303E94F800140095 /* EmptyStateView.swift */,
				D4DB76EE3041F7140050C594 /* PrimaryActionButtonStyle.swift */,
				D4DB770530422EEA0050C594 /* LabeledDecimalField.swift */,
				D4DB770730422EEB0050C594 /* MacroValueRow.swift */,
				D4DB76F8304219680050C594 /* ShakeEffect.swift */,
				D403F059303E94DE00140095 /* AccentColorPicker.swift */,
				D4DB76233040CF0D0050C594 /* HeightField.swift */,
			);
			path = Components;
			sourceTree = "<group>";
		};
		D4DB770A304244D90050C594 /* Today */ = {
			isa = PBXGroup;
			children = (
				D403F029303E93AE00140095 /* MealMainView.swift */,
				D403F02B303E93C000140095 /* MealDisclosureView.swift */,
				D403F00B303CD44F00140095 /* AddMealView.swift */,
				D403F023303E931A00140095 /* AddMealItemView.swift */,
				D403F039303E940100140095 /* SaveMealSheet.swift */,
			);
			path = Today;
			sourceTree = "<group>";
		};
		D4DB770B304244DA0050C594 /* Entry */ = {
			isa = PBXGroup;
			children = (
				D403F027303E934100140095 /* FoodEntryForm.swift */,
				D403F025303E932300140095 /* ScanFoodView.swift */,
				D403F003303C8C6900140095 /* BarcodeScannerView.swift */,
				D4DB75F3303F1AD90050C594 /* ManualBarcodeEntryView.swift */,
				D4DB773730434A350050C594 /* FoodLibraryListView.swift */,
			);
			path = Entry;
			sourceTree = "<group>";
		};
		D4DB770C304244DA0050C594 /* History */ = {
			isa = PBXGroup;
			children = (
				D403F037303E93FB00140095 /* MealHistoryView.swift */,
				D4DB76F6304218640050C594 /* HistoryCalendarView.swift */,
				D4DB76F4304218510050C594 /* DayFoodView.swift */,
				D4DB76F2304218420050C594 /* MealSummaryDisclosure.swift */,
				D4DB7724304260540050C594 /* FoodIndexView.swift */,
			);
			path = History;
			sourceTree = "<group>";
		};
		D4DB770D304244DB0050C594 /* Detail */ = {
			isa = PBXGroup;
			children = (
				D403F033303E93E700140095 /* MealItemDetailView.swift */,
				D403F035303E93F000140095 /* MealBundleDetailView.swift */,
			);
			path = Detail;
			sourceTree = "<group>";
		};
/* End PBXGroup section */

/* Begin PBXNativeTarget section */
		000000000000000100000000 /* DietBuddy */ = {
			isa = PBXNativeTarget;
			buildConfigurationList = 000000000000000110000000 /* Build configuration list for PBXNativeTarget "DietBuddy" */;
			buildPhases = (
				000000000000000120000000 /* Sources */,
				000000000000000130000000 /* Frameworks */,
				000000000000000140000000 /* Resources */,
				D4DB7616303FB6440050C594 /* Embed Foundation Extensions */,
			);
			buildRules = (
			);
			dependencies = (
				D4DB7610303FB6440050C594 /* PBXTargetDependency */,
			);
			fileSystemSynchronizedGroups = (
				000000000000000000000010 /* DietBuddy */,
			);
			name = DietBuddy;
			productName = MyApp;
			productReference = 000000000000000000000120 /* DietBuddy.app */;
			productType = "com.apple.product-type.application";
		};
		D4DB75FA303FB6430050C594 /* DietBuddyWidgetExtension */ = {
			isa = PBXNativeTarget;
			buildConfigurationList = D4DB7613303FB6440050C594 /* Build configuration list for PBXNativeTarget "DietBuddyWidgetExtension" */;
			buildPhases = (
				D4DB75F7303FB6430050C594 /* Sources */,
				D4DB75F8303FB6430050C594 /* Frameworks */,
				D4DB75F9303FB6430050C594 /* Resources */,
			);
			buildRules = (
			);
			fileSystemSynchronizedGroups = (
				D4DB7601303FB6430050C594 /* DietBuddyWidget */,
			);
			name = DietBuddyWidgetExtension;
			productName = DietBuddyWidgetExtension;
			productReference = D4DB75FB303FB6430050C594 /* DietBuddyWidgetExtension.appex */;
			productType = "com.apple.product-type.app-extension";
		};
/* End PBXNativeTarget section */

/* Begin PBXProject section */
		000000000000000000000000 /* Project object */ = {
			isa = PBXProject;
			attributes = {
				BuildIndependentTargetsInParallel = 1;
				LastSwiftUpdateCheck = 2700;
				LastUpgradeCheck = 2700;
				TargetAttributes = {
					000000000000000100000000 = {
						CreatedOnToolsVersion = 26.3;
					};
					D4DB75FA303FB6430050C594 = {
						CreatedOnToolsVersion = 27.0;
					};
				};
			};
			buildConfigurationList = 000000000000000010000000 /* Build configuration list for PBXProject "DietBuddy" */;
			developmentRegion = en;
			hasScannedForEncodings = 0;
			knownRegions = (
				en,
				Base,
			);
			mainGroup = 000000000000000000000001;
			minimizedProjectReferenceProxies = 1;
			preferredProjectObjectVersion = 90;
			productRefGroup = 000000000000000000000020 /* Products */;
			projectDirPath = "";
			projectRoot = "";
			targets = (
				000000000000000100000000 /* DietBuddy */,
				D4DB75FA303FB6430050C594 /* DietBuddyWidgetExtension */,
			);
		};
/* End PBXProject section */

/* Begin PBXResourcesBuildPhase section */
		000000000000000140000000 /* Resources */ = {
			isa = PBXResourcesBuildPhase;
			files = (
			);
		};
		D4DB75F9303FB6430050C594 /* Resources */ = {
			isa = PBXResourcesBuildPhase;
			files = (
			);
		};
/* End PBXResourcesBuildPhase section */

/* Begin PBXSourcesBuildPhase section */
		000000000000000120000000 /* Sources */ = {
			isa = PBXSourcesBuildPhase;
			files = (
				D403F050303E94A300140095 /* SavedMealDetailView.swift in Sources */,
				D403F052303E94AB00140095 /* SavedMealsManagerView.swift in Sources */,
				D403F024303E931A00140095 /* AddMealItemView.swift in Sources */,
				D403F02C303E93C000140095 /* MealDisclosureView.swift in Sources */,
				D4DB773630434A230050C594 /* FoodLibraryRow.swift in Sources */,
				D403F044303E946000140095 /* WeightHistoryView.swift in Sources */,
				D403F03A303E940100140095 /* SaveMealSheet.swift in Sources */,
				D403F058303E94D900140095 /* SettingsView.swift in Sources */,
				D403F002303C8C5E00140095 /* FoodLookupService.swift in Sources */,
				D403F042303E945B00140095 /* WeightRowLabel.swift in Sources */,
				D403F056303E94BF00140095 /* SavedMealItemEditorView.swift in Sources */,
				D4DB761A303FB7900050C594 /* DaySnapshot.swift in Sources */,
				D403F03E303E945200140095 /* WeightChartView.swift in Sources */,
				D403F040303E945500140095 /* WeightChangeSummaryView.swift in Sources */,
				D4DB76223040CE6F0050C594 /* BMICalculator.swift in Sources */,
				D4DB761E3040CE680050C594 /* Gender.swift in Sources */,
				D403F048303E948200140095 /* GoalListView.swift in Sources */,
				D403F04C303E949D00140095 /* SavedMealsPickerView.swift in Sources */,
				D403EFEA303C856E00140095 /* WeightEntry.swift in Sources */,
				D403F02E303E93C400140095 /* MealEntry.swift in Sources */,
				D4DB76F7304218640050C594 /* HistoryCalendarView.swift in Sources */,
				D4DB76EF3041F7140050C594 /* PrimaryActionButtonStyle.swift in Sources */,
				D403EFEC303C877700140095 /* Food.swift in Sources */,
				D403F012303CDB6300140095 /* SampleData.swift in Sources */,
				D4DB75F4303F1AD90050C594 /* ManualBarcodeEntryView.swift in Sources */,
				D403F038303E93FB00140095 /* MealHistoryView.swift in Sources */,
				D4DB76203040CE6C0050C594 /* UserProfile.swift in Sources */,
				D403F030303E93D400140095 /* MacroSummaryView.swift in Sources */,
				D403F036303E93F000140095 /* MealBundleDetailView.swift in Sources */,
				D4DB76F13042151D0050C594 /* BMIInfoView.swift in Sources */,
				D4DB770630422EEA0050C594 /* LabeledDecimalField.swift in Sources */,
				D403F00C303CD44F00140095 /* AddMealView.swift in Sources */,
				D403F028303E934100140095 /* FoodEntryForm.swift in Sources */,
				D403F03C303E944E00140095 /* WeightView.swift in Sources */,
				D4DB773830434A350050C594 /* FoodLibraryListView.swift in Sources */,
				D403F020303E92FA00140095 /* SavedMealItem.swift in Sources */,
				D403F060303E94F800140095 /* EmptyStateView.swift in Sources */,
				D4DB777830439AFE0050C594 /* GoalDetailView.swift in Sources */,
				D403F00A303CD44300140095 /* Meal.swift in Sources */,
				D403F01E303E92F200140095 /* SavedMeal.swift in Sources */,
				D404DFCB304E51700011F5A3 /* HealthKitService.swift in Sources */,
				D403F034303E93E700140095 /* MealItemDetailView.swift in Sources */,
				D403F05C303E94EF00140095 /* Theme.swift in Sources */,
				D4DB7776304354960050C594 /* MacroSplit.swift in Sources */,
				D403F046303E946700140095 /* WeightEntryEditor.swift in Sources */,
				D403F068303E95D700140095 /* RootTabView.swift in Sources */,
				D403F004303C8C6900140095 /* BarcodeScannerView.swift in Sources */,
				D403F054303E94B400140095 /* SavedMealEditorView.swift in Sources */,
				D4DB76283040CF810050C594 /* OnboardingView.swift in Sources */,
				D403F05A303E94DE00140095 /* AccentColorPicker.swift in Sources */,
				D4DB75F6303F615F0050C594 /* ReminderScheduler.swift in Sources */,
				D403F022303E931100140095 /* PortionUnit.swift in Sources */,
				D403F04E303E94A000140095 /* SavedMealItemRow.swift in Sources */,
				D4DB76263040CF140050C594 /* ProfileEditorView.swift in Sources */,
				D403F066303E95D100140095 /* DietBuddyApp.swift in Sources */,
				D403F032303E93D600140095 /* MealItemRow.swift in Sources */,
				D403F026303E932300140095 /* ScanFoodView.swift in Sources */,
				D403EFF2303C877F00140095 /* Goal.swift in Sources */,
				D403EFEE303C877A00140095 /* MealItem.swift in Sources */,
				D4DB76F9304219680050C594 /* ShakeEffect.swift in Sources */,
				D403F04A303E948D00140095 /* GoalEditor.swift in Sources */,
				D4DB76243040CF0D0050C594 /* HeightField.swift in Sources */,
				D4DB770830422EEB0050C594 /* MacroValueRow.swift in Sources */,
				D4DB76F3304218420050C594 /* MealSummaryDisclosure.swift in Sources */,
				D403F02A303E93AE00140095 /* MealMainView.swift in Sources */,
				D403F05E303E94F600140095 /* NavigationBarAccent.swift in Sources */,
				D4DB76F5304218510050C594 /* DayFoodView.swift in Sources */,
				D4DB7725304260540050C594 /* FoodIndexView.swift in Sources */,
			);
		};
		D4DB75F7303FB6430050C594 /* Sources */ = {
			isa = PBXSourcesBuildPhase;
			files = (
			);
		};
/* End PBXSourcesBuildPhase section */

/* Begin PBXTargetDependency section */
		D4DB7610303FB6440050C594 /* PBXTargetDependency */ = {
			isa = PBXTargetDependency;
			target = D4DB75FA303FB6430050C594 /* DietBuddyWidgetExtension */;
			targetProxy = D4DB760F303FB6440050C594 /* PBXContainerItemProxy */;
		};
/* End PBXTargetDependency section */

/* Begin XCBuildConfiguration section */
		000000000000000011000000 /* Debug configuration for PBXProject "DietBuddy" */ = {
			isa = XCBuildConfiguration;
			buildSettings = {
				ALWAYS_SEARCH_USER_PATHS = NO;
				APPLETVOS_DEPLOYMENT_TARGET = 27.0;
				ASSETCATALOG_COMPILER_GENERATE_SWIFT_ASSET_SYMBOL_EXTENSIONS = YES;
				CLANG_ANALYZER_NONNULL = YES;
				CLANG_ANALYZER_NUMBER_OBJECT_CONVERSION = YES_AGGRESSIVE;
				CLANG_CXX_LANGUAGE_STANDARD = "gnu++20";
				CLANG_ENABLE_MODULES = YES;
				CLANG_ENABLE_OBJC_ARC = YES;
				CLANG_ENABLE_OBJC_WEAK = YES;
				CLANG_WARN_BLOCK_CAPTURE_AUTORELEASING = YES;
				CLANG_WARN_BOOL_CONVERSION = YES;
				CLANG_WARN_COMMA = YES;
				CLANG_WARN_CONSTANT_CONVERSION = YES;
				CLANG_WARN_DEPRECATED_OBJC_IMPLEMENTATIONS = YES;
				CLANG_WARN_DIRECT_OBJC_ISA_USAGE = YES_ERROR;
				CLANG_WARN_DOCUMENTATION_COMMENTS = YES;
				CLANG_WARN_EMPTY_BODY = YES;
				CLANG_WARN_ENUM_CONVERSION = YES;
				CLANG_WARN_INFINITE_RECURSION = YES;
				CLANG_WARN_INT_CONVERSION = YES;
				CLANG_WARN_NON_LITERAL_NULL_CONVERSION = YES;
				CLANG_WARN_OBJC_IMPLICIT_RETAIN_SELF = YES;
				CLANG_WARN_OBJC_LITERAL_CONVERSION = YES;
				CLANG_WARN_OBJC_ROOT_CLASS = YES_ERROR;
				CLANG_WARN_QUOTED_INCLUDE_IN_FRAMEWORK_HEADER = YES;
				CLANG_WARN_RANGE_LOOP_ANALYSIS = YES;
				CLANG_WARN_STRICT_PROTOTYPES = YES;
				CLANG_WARN_SUSPICIOUS_MOVE = YES;
				CLANG_WARN_UNGUARDED_AVAILABILITY = YES_AGGRESSIVE;
				CLANG_WARN_UNREACHABLE_CODE = YES;
				CLANG_WARN__DUPLICATE_METHOD_MATCH = YES;
				COPY_PHASE_STRIP = NO;
				DEAD_CODE_STRIPPING = YES;
				DEBUG_INFORMATION_FORMAT = dwarf;
				DRIVERKIT_DEPLOYMENT_TARGET = 27.0;
				ENABLE_STRICT_OBJC_MSGSEND = YES;
				ENABLE_TESTABILITY = YES;
				ENABLE_USER_SCRIPT_SANDBOXING = YES;
				GCC_C_LANGUAGE_STANDARD = gnu17;
				GCC_DYNAMIC_NO_PIC = NO;
				GCC_NO_COMMON_BLOCKS = YES;
				GCC_OPTIMIZATION_LEVEL = 0;
				GCC_PREPROCESSOR_DEFINITIONS = (
					"DEBUG=1",
					"$(inherited)",
				);
				GCC_WARN_64_TO_32_BIT_CONVERSION = YES;
				GCC_WARN_ABOUT_RETURN_TYPE = YES_ERROR;
				GCC_WARN_UNDECLARED_SELECTOR = YES;
				GCC_WARN_UNINITIALIZED_AUTOS = YES_AGGRESSIVE;
				GCC_WARN_UNUSED_FUNCTION = YES;
				GCC_WARN_UNUSED_VARIABLE = YES;
				IPHONEOS_DEPLOYMENT_TARGET = 27.0;
				LOCALIZATION_PREFERS_STRING_CATALOGS = YES;
				MACOSX_DEPLOYMENT_TARGET = 27.0;
				MTL_ENABLE_DEBUG_INFO = INCLUDE_SOURCE;
				MTL_FAST_MATH = YES;
				ONLY_ACTIVE_ARCH = YES;
				PROJECT_UNIQUE_VALUE = BIY1SMXP;
				STRING_CATALOG_GENERATE_SYMBOLS = YES;
				SWIFT_ACTIVE_COMPILATION_CONDITIONS = "DEBUG $(inherited)";
				SWIFT_OPTIMIZATION_LEVEL = "-Onone";
				WATCHOS_DEPLOYMENT_TARGET = 27.0;
				XROS_DEPLOYMENT_TARGET = 27.0;
			};
			name = Debug;
		};
		000000000000000012000000 /* Release configuration for PBXProject "DietBuddy" */ = {
			isa = XCBuildConfiguration;
			buildSettings = {
				ALWAYS_SEARCH_USER_PATHS = NO;
				APPLETVOS_DEPLOYMENT_TARGET = 27.0;
				ASSETCATALOG_COMPILER_GENERATE_SWIFT_ASSET_SYMBOL_EXTENSIONS = YES;
				CLANG_ANALYZER_NONNULL = YES;
				CLANG_ANALYZER_NUMBER_OBJECT_CONVERSION = YES_AGGRESSIVE;
				CLANG_CXX_LANGUAGE_STANDARD = "gnu++20";
				CLANG_ENABLE_MODULES = YES;
				CLANG_ENABLE_OBJC_ARC = YES;
				CLANG_ENABLE_OBJC_WEAK = YES;
				CLANG_WARN_BLOCK_CAPTURE_AUTORELEASING = YES;
				CLANG_WARN_BOOL_CONVERSION = YES;
				CLANG_WARN_COMMA = YES;
				CLANG_WARN_CONSTANT_CONVERSION = YES;
				CLANG_WARN_DEPRECATED_OBJC_IMPLEMENTATIONS = YES;
				CLANG_WARN_DIRECT_OBJC_ISA_USAGE = YES_ERROR;
				CLANG_WARN_DOCUMENTATION_COMMENTS = YES;
				CLANG_WARN_EMPTY_BODY = YES;
				CLANG_WARN_ENUM_CONVERSION = YES;
				CLANG_WARN_INFINITE_RECURSION = YES;
				CLANG_WARN_INT_CONVERSION = YES;
				CLANG_WARN_NON_LITERAL_NULL_CONVERSION = YES;
				CLANG_WARN_OBJC_IMPLICIT_RETAIN_SELF = YES;
				CLANG_WARN_OBJC_LITERAL_CONVERSION = YES;
				CLANG_WARN_OBJC_ROOT_CLASS = YES_ERROR;
				CLANG_WARN_QUOTED_INCLUDE_IN_FRAMEWORK_HEADER = YES;
				CLANG_WARN_RANGE_LOOP_ANALYSIS = YES;
				CLANG_WARN_STRICT_PROTOTYPES = YES;
				CLANG_WARN_SUSPICIOUS_MOVE = YES;
				CLANG_WARN_UNGUARDED_AVAILABILITY = YES_AGGRESSIVE;
				CLANG_WARN_UNREACHABLE_CODE = YES;
				CLANG_WARN__DUPLICATE_METHOD_MATCH = YES;
				COPY_PHASE_STRIP = NO;
				DEAD_CODE_STRIPPING = YES;
				DEBUG_INFORMATION_FORMAT = "dwarf-with-dsym";
				DRIVERKIT_DEPLOYMENT_TARGET = 27.0;
				ENABLE_NS_ASSERTIONS = NO;
				ENABLE_STRICT_OBJC_MSGSEND = YES;
				ENABLE_USER_SCRIPT_SANDBOXING = YES;
				GCC_C_LANGUAGE_STANDARD = gnu17;
				GCC_NO_COMMON_BLOCKS = YES;
				GCC_WARN_64_TO_32_BIT_CONVERSION = YES;
				GCC_WARN_ABOUT_RETURN_TYPE = YES_ERROR;
				GCC_WARN_UNDECLARED_SELECTOR = YES;
				GCC_WARN_UNINITIALIZED_AUTOS = YES_AGGRESSIVE;
				GCC_WARN_UNUSED_FUNCTION = YES;
				GCC_WARN_UNUSED_VARIABLE = YES;
				IPHONEOS_DEPLOYMENT_TARGET = 27.0;
				LOCALIZATION_PREFERS_STRING_CATALOGS = YES;
				MACOSX_DEPLOYMENT_TARGET = 27.0;
				MTL_ENABLE_DEBUG_INFO = NO;
				MTL_FAST_MATH = YES;
				PROJECT_UNIQUE_VALUE = BIY1SMXP;
				STRING_CATALOG_GENERATE_SYMBOLS = YES;
				SWIFT_COMPILATION_MODE = wholemodule;
				WATCHOS_DEPLOYMENT_TARGET = 27.0;
				XROS_DEPLOYMENT_TARGET = 27.0;
			};
			name = Release;
		};
		000000000000000111000000 /* Debug configuration for PBXNativeTarget "DietBuddy" */ = {
			isa = XCBuildConfiguration;
			buildSettings = {
				ASSETCATALOG_COMPILER_APPICON_NAME = AppIcon;
				ASSETCATALOG_COMPILER_INCLUDE_ALL_APPICON_ASSETS = NO;
				CODE_SIGN_ENTITLEMENTS = DietBuddy/DietBuddy.entitlements;
				"CODE_SIGN_IDENTITY[sdk=macosx*]" = "Apple Development";
				CODE_SIGN_STYLE = Automatic;
				CURRENT_PROJECT_VERSION = 1;
				DEVELOPMENT_TEAM = JSY2J3A5A2;
				ENABLE_APP_SANDBOX = YES;
				ENABLE_PREVIEWS = YES;
				ENABLE_RESOURCE_ACCESS_CAMERA = YES;
				ENABLE_USER_SELECTED_FILES = readonly;
				GENERATE_INFOPLIST_FILE = YES;
				INFOPLIST_KEY_NSCameraUsageDescription = "DietBuddy uses the camera to scan food barcodes";
				INFOPLIST_KEY_NSHealthClinicalHealthRecordsShareUsageDescription = "DietBuddy reads your height, age, sex, and weight to personalize your profile and import weigh‑ins.";
				INFOPLIST_KEY_NSHealthShareUsageDescription = "DietBuddy reads your height, age, sex, and weight to personalize your profile and import weigh‑ins.";
				INFOPLIST_KEY_NSHealthUpdateUsageDescription = "DietBuddy saves your weigh‑ins and logged nutrition to Apple Health.";
				"INFOPLIST_KEY_UIApplicationSceneManifest_Generation[sdk=iphoneos*]" = YES;
				"INFOPLIST_KEY_UIApplicationSceneManifest_Generation[sdk=iphonesimulator*]" = YES;
				"INFOPLIST_KEY_UIApplicationSupportsIndirectInputEvents[sdk=iphoneos*]" = YES;
				"INFOPLIST_KEY_UIApplicationSupportsIndirectInputEvents[sdk=iphonesimulator*]" = YES;
				"INFOPLIST_KEY_UILaunchScreen_Generation[sdk=iphoneos*]" = YES;
				"INFOPLIST_KEY_UILaunchScreen_Generation[sdk=iphonesimulator*]" = YES;
				"INFOPLIST_KEY_UIStatusBarStyle[sdk=iphoneos*]" = UIStatusBarStyleDefault;
				"INFOPLIST_KEY_UIStatusBarStyle[sdk=iphonesimulator*]" = UIStatusBarStyleDefault;
				INFOPLIST_KEY_UISupportedInterfaceOrientations_iPad = "UIInterfaceOrientationPortrait UIInterfaceOrientationPortraitUpsideDown UIInterfaceOrientationLandscapeLeft UIInterfaceOrientationLandscapeRight";
				INFOPLIST_KEY_UISupportedInterfaceOrientations_iPhone = "UIInterfaceOrientationPortrait UIInterfaceOrientationLandscapeLeft UIInterfaceOrientationLandscapeRight";
				IPHONEOS_DEPLOYMENT_TARGET = 26;
				LD_RUNPATH_SEARCH_PATHS = "@executable_path/Frameworks";
				"LD_RUNPATH_SEARCH_PATHS[sdk=macosx*]" = "@executable_path/../Frameworks";
				MACOSX_DEPLOYMENT_TARGET = 26;
				MARKETING_VERSION = 1.0;
				PRODUCT_BUNDLE_IDENTIFIER = com.bradycarden.DietBuddy;
				PRODUCT_NAME = "$(TARGET_NAME)";
				REGISTER_APP_GROUPS = YES;
				SDKROOT = auto;
				STRING_CATALOG_GENERATE_SYMBOLS = YES;
				SUPPORTED_PLATFORMS = "iphoneos iphonesimulator macosx xros xrsimulator";
				SWIFT_APPROACHABLE_CONCURRENCY = YES;
				SWIFT_DEFAULT_ACTOR_ISOLATION = MainActor;
				SWIFT_EMIT_LOC_STRINGS = YES;
				SWIFT_UPCOMING_FEATURE_MEMBER_IMPORT_VISIBILITY = YES;
				SWIFT_VERSION = 5.0;
				TARGETED_DEVICE_FAMILY = "1,2,7";
				XROS_DEPLOYMENT_TARGET = 26;
			};
			name = Debug;
		};
		000000000000000112000000 /* Release configuration for PBXNativeTarget "DietBuddy" */ = {
			isa = XCBuildConfiguration;
			buildSettings = {
				ASSETCATALOG_COMPILER_APPICON_NAME = AppIcon;
				ASSETCATALOG_COMPILER_INCLUDE_ALL_APPICON_ASSETS = NO;
				CODE_SIGN_ENTITLEMENTS = DietBuddy/DietBuddy.entitlements;
				"CODE_SIGN_IDENTITY[sdk=macosx*]" = "Apple Development";
				CODE_SIGN_STYLE = Automatic;
				CURRENT_PROJECT_VERSION = 1;
				DEVELOPMENT_TEAM = JSY2J3A5A2;
				ENABLE_APP_SANDBOX = YES;
				ENABLE_PREVIEWS = YES;
				ENABLE_RESOURCE_ACCESS_CAMERA = YES;
				ENABLE_USER_SELECTED_FILES = readonly;
				GENERATE_INFOPLIST_FILE = YES;
				INFOPLIST_KEY_NSCameraUsageDescription = "DietBuddy uses the camera to scan food barcodes";
				INFOPLIST_KEY_NSHealthClinicalHealthRecordsShareUsageDescription = "DietBuddy reads your height, age, sex, and weight to personalize your profile and import weigh‑ins.";
				INFOPLIST_KEY_NSHealthShareUsageDescription = "DietBuddy reads your height, age, sex, and weight to personalize your profile and import weigh‑ins.";
				INFOPLIST_KEY_NSHealthUpdateUsageDescription = "DietBuddy saves your weigh‑ins and logged nutrition to Apple Health.";
				"INFOPLIST_KEY_UIApplicationSceneManifest_Generation[sdk=iphoneos*]" = YES;
				"INFOPLIST_KEY_UIApplicationSceneManifest_Generation[sdk=iphonesimulator*]" = YES;
				"INFOPLIST_KEY_UIApplicationSupportsIndirectInputEvents[sdk=iphoneos*]" = YES;
				"INFOPLIST_KEY_UIApplicationSupportsIndirectInputEvents[sdk=iphonesimulator*]" = YES;
				"INFOPLIST_KEY_UILaunchScreen_Generation[sdk=iphoneos*]" = YES;
				"INFOPLIST_KEY_UILaunchScreen_Generation[sdk=iphonesimulator*]" = YES;
				"INFOPLIST_KEY_UIStatusBarStyle[sdk=iphoneos*]" = UIStatusBarStyleDefault;
				"INFOPLIST_KEY_UIStatusBarStyle[sdk=iphonesimulator*]" = UIStatusBarStyleDefault;
				INFOPLIST_KEY_UISupportedInterfaceOrientations_iPad = "UIInterfaceOrientationPortrait UIInterfaceOrientationPortraitUpsideDown UIInterfaceOrientationLandscapeLeft UIInterfaceOrientationLandscapeRight";
				INFOPLIST_KEY_UISupportedInterfaceOrientations_iPhone = "UIInterfaceOrientationPortrait UIInterfaceOrientationLandscapeLeft UIInterfaceOrientationLandscapeRight";
				IPHONEOS_DEPLOYMENT_TARGET = 26;
				LD_RUNPATH_SEARCH_PATHS = "@executable_path/Frameworks";
				"LD_RUNPATH_SEARCH_PATHS[sdk=macosx*]" = "@executable_path/../Frameworks";
				MACOSX_DEPLOYMENT_TARGET = 26;
				MARKETING_VERSION = 1.0;
				PRODUCT_BUNDLE_IDENTIFIER = com.bradycarden.DietBuddy;
				PRODUCT_NAME = "$(TARGET_NAME)";
				REGISTER_APP_GROUPS = YES;
				SDKROOT = auto;
				STRING_CATALOG_GENERATE_SYMBOLS = YES;
				SUPPORTED_PLATFORMS = "iphoneos iphonesimulator macosx xros xrsimulator";
				SWIFT_APPROACHABLE_CONCURRENCY = YES;
				SWIFT_DEFAULT_ACTOR_ISOLATION = MainActor;
				SWIFT_EMIT_LOC_STRINGS = YES;
				SWIFT_UPCOMING_FEATURE_MEMBER_IMPORT_VISIBILITY = YES;
				SWIFT_VERSION = 5.0;
				TARGETED_DEVICE_FAMILY = "1,2,7";
				XROS_DEPLOYMENT_TARGET = 26;
			};
			name = Release;
		};
		D4DB7614303FB6440050C594 /* Debug configuration for PBXNativeTarget "DietBuddyWidgetExtension" */ = {
			isa = XCBuildConfiguration;
			buildSettings = {
				ASSETCATALOG_COMPILER_GLOBAL_ACCENT_COLOR_NAME = AccentColor;
				ASSETCATALOG_COMPILER_WIDGET_BACKGROUND_COLOR_NAME = WidgetBackground;
				CODE_SIGN_ENTITLEMENTS = DietBuddyWidgetExtension.entitlements;
				CODE_SIGN_STYLE = Automatic;
				CURRENT_PROJECT_VERSION = 1;
				DEVELOPMENT_TEAM = JSY2J3A5A2;
				GENERATE_INFOPLIST_FILE = YES;
				INFOPLIST_FILE = DietBuddyWidget/Info.plist;
				INFOPLIST_KEY_CFBundleDisplayName = DietBuddyWidget;
				INFOPLIST_KEY_NSHumanReadableCopyright = "";
				IPHONEOS_DEPLOYMENT_TARGET = 26.6;
				LD_RUNPATH_SEARCH_PATHS = (
					"$(inherited)",
					"@executable_path/Frameworks",
					"@executable_path/../../Frameworks",
				);
				MARKETING_VERSION = 1.0;
				PRODUCT_BUNDLE_IDENTIFIER = com.bradycarden.DietBuddy.DietBuddyWidget;
				PRODUCT_NAME = "$(TARGET_NAME)";
				REGISTER_APP_GROUPS = YES;
				SDKROOT = iphoneos;
				SKIP_INSTALL = YES;
				STRING_CATALOG_GENERATE_SYMBOLS = YES;
				SWIFT_APPROACHABLE_CONCURRENCY = YES;
				SWIFT_EMIT_LOC_STRINGS = YES;
				SWIFT_UPCOMING_FEATURE_MEMBER_IMPORT_VISIBILITY = YES;
				SWIFT_VERSION = 5.0;
				TARGETED_DEVICE_FAMILY = "1,2";
			};
			name = Debug;
		};
		D4DB7615303FB6440050C594 /* Release configuration for PBXNativeTarget "DietBuddyWidgetExtension" */ = {
			isa = XCBuildConfiguration;
			buildSettings = {
				ASSETCATALOG_COMPILER_GLOBAL_ACCENT_COLOR_NAME = AccentColor;
				ASSETCATALOG_COMPILER_WIDGET_BACKGROUND_COLOR_NAME = WidgetBackground;
				CODE_SIGN_ENTITLEMENTS = DietBuddyWidgetExtension.entitlements;
				CODE_SIGN_STYLE = Automatic;
				CURRENT_PROJECT_VERSION = 1;
				DEVELOPMENT_TEAM = JSY2J3A5A2;
				GENERATE_INFOPLIST_FILE = YES;
				INFOPLIST_FILE = DietBuddyWidget/Info.plist;
				INFOPLIST_KEY_CFBundleDisplayName = DietBuddyWidget;
				INFOPLIST_KEY_NSHumanReadableCopyright = "";
				IPHONEOS_DEPLOYMENT_TARGET = 26.6;
				LD_RUNPATH_SEARCH_PATHS = (
					"$(inherited)",
					"@executable_path/Frameworks",
					"@executable_path/../../Frameworks",
				);
				MARKETING_VERSION = 1.0;
				PRODUCT_BUNDLE_IDENTIFIER = com.bradycarden.DietBuddy.DietBuddyWidget;
				PRODUCT_NAME = "$(TARGET_NAME)";
				REGISTER_APP_GROUPS = YES;
				SDKROOT = iphoneos;
				SKIP_INSTALL = YES;
				STRING_CATALOG_GENERATE_SYMBOLS = YES;
				SWIFT_APPROACHABLE_CONCURRENCY = YES;
				SWIFT_EMIT_LOC_STRINGS = YES;
				SWIFT_UPCOMING_FEATURE_MEMBER_IMPORT_VISIBILITY = YES;
				SWIFT_VERSION = 5.0;
				TARGETED_DEVICE_FAMILY = "1,2";
				VALIDATE_PRODUCT = YES;
			};
			name = Release;
		};
/* End XCBuildConfiguration section */

/* Begin XCConfigurationList section */
		000000000000000010000000 /* Build configuration list for PBXProject "DietBuddy" */ = {
			isa = XCConfigurationList;
			buildConfigurations = (
				000000000000000011000000 /* Debug configuration for PBXProject "DietBuddy" */,
				000000000000000012000000 /* Release configuration for PBXProject "DietBuddy" */,
			);
			defaultConfigurationName = Release;
		};
		000000000000000110000000 /* Build configuration list for PBXNativeTarget "DietBuddy" */ = {
			isa = XCConfigurationList;
			buildConfigurations = (
				000000000000000111000000 /* Debug configuration for PBXNativeTarget "DietBuddy" */,
				000000000000000112000000 /* Release configuration for PBXNativeTarget "DietBuddy" */,
			);
			defaultConfigurationName = Release;
		};
		D4DB7613303FB6440050C594 /* Build configuration list for PBXNativeTarget "DietBuddyWidgetExtension" */ = {
			isa = XCConfigurationList;
			buildConfigurations = (
				D4DB7614303FB6440050C594 /* Debug configuration for PBXNativeTarget "DietBuddyWidgetExtension" */,
				D4DB7615303FB6440050C594 /* Release configuration for PBXNativeTarget "DietBuddyWidgetExtension" */,
			);
			defaultConfigurationName = Release;
		};
/* End XCConfigurationList section */
	};
	rootObject = 000000000000000000000000 /* Project object */;
}
